
Microsoft Visual Studio Solution File, Format Version 12.00
# Visual Studio Version 16
VisualStudioVersion = 16.0.31829.152
MinimumVisualStudioVersion = 10.0.40219.1
Project("{FAE04EC0-301F-11D3-BF4B-00C04F79EFBC}") = "Lab23HW", "Lab23HW\Lab23HW.csproj", "{5F31E768-63A0-4F31-96E6-F9D3E8C42AC4}"
EndProject
Global
	GlobalSection(SolutionConfigurationPlatforms) = preSolution
		Debug|Any CPU = Debug|Any CPU
		Release|Any CPU = Release|Any CPU
	EndGlobalSection
	GlobalSection(ProjectConfigurationPlatforms) = postSolution
		{5F31E768-63A0-4F31-96E6-F9D3E8C42AC4}.Debug|Any CPU.ActiveCfg = Debug|Any CPU
		{5F31E768-63A0-4F31-96E6-F9D3E8C42AC4}.Debug|Any CPU.Build.0 = Debug|Any CPU
		{5F31E768-63A0-4F31-96E6-F9D3E8C42AC4}.Release|Any CPU.ActiveCfg = Release|Any CPU
		{5F31E768-63A0-4F31-96E6-F9D3E8C42AC4}.Release|Any CPU.Build.0 = Release|Any CPU
	EndGlobalSection
	GlobalSection(SolutionProperties) = preSolution
		HideSolutionNode = FALSE
	EndGlobalSection
	GlobalSection(ExtensibilityGlobals) = postSolution
		SolutionGuid = {42904A96-F10F-4A01-8401-8F8EC75EB10A}
	EndGlobalSection
EndGlobal
